Microsoft Visual Studio Solution File, Format Version 11.0

Project("{F184B08F-C81C-45F6-A57F-5ABD9991F28F}") = "Password Manager", "Password Manager\Password Manager.vbproj", "{2DC9BF43-FD33-466E-993B-9EA1EEC3DA9D}"
EndProject
Global
	GlobalSection(SolutionConfigurationPlatforms) = preSolution
		Debug|x86 = Debug|x86
		Release|x86 = Release|x86
	EndGlobalSection
	GlobalSection(ProjectConfigurationPlatforms) = postSolution
		{2DC9BF43-FD33-466E-993B-9EA1EEC3DA9D}.Debug|x86.ActiveCfg = Debug|x86
		{2DC9BF43-FD33-466E-993B-9EA1EEC3DA9D}.Debug|x86.Build.0 = Debug|x86
		{2DC9BF43-FD33-466E-993B-9EA1EEC3DA9D}.Release|x86.ActiveCfg = Release|x86
		{2DC9BF43-FD33-466E-993B-9EA1EEC3DA9D}.Release|x86.Build.0 = Release|x86
	EndGlobalSection
	GlobalSection(SolutionProperties) = preSolution
		HideSolutionNode = FALSE
	EndGlobalSection
EndGlobal
